// !$*UTF8*$!
{
	archiveVersion = 1;
	classes = {
	};
	objectVersion = 51;
	objects = {

/* Begin PBXBuildFile section */
		11143C8A24B6E94700CBE00D /* IngredientTextFieldCell.swift in Sources */ = {isa = PBXBuildFile; fileRef = 11143C8924B6E94700CBE00D /* IngredientTextFieldCell.swift */; };
		112AA0112490BACD00A4D822 /* AppDelegate.swift in Sources */ = {isa = PBXBuildFile; fileRef = 112AA0102490BACD00A4D822 /* AppDelegate.swift */; };
		112AA0132490BACD00A4D822 /* SceneDelegate.swift in Sources */ = {isa = PBXBuildFile; fileRef = 112AA0122490BACD00A4D822 /* SceneDelegate.swift */; };
		112AA0182490BACD00A4D822 /* Main.storyboard in Resources */ = {isa = PBXBuildFile; fileRef = 112AA0162490BACD00A4D822 /* Main.storyboard */; };
		112AA01A2490BACE00A4D822 /* Assets.xcassets in Resources */ = {isa = PBXBuildFile; fileRef = 112AA0192490BACE00A4D822 /* Assets.xcassets */; };
		112AA01D2490BACE00A4D822 /* LaunchScreen.storyboard in Resources */ = {isa = PBXBuildFile; fileRef = 112AA01B2490BACE00A4D822 /* LaunchScreen.storyboard */; };
		112AA0262490CB4700A4D822 /* LoginViewController.swift in Sources */ = {isa = PBXBuildFile; fileRef = 112AA0242490CB4600A4D822 /* LoginViewController.swift */; };
		112AA0272490CB4700A4D822 /* LoginViewController.xib in Resources */ = {isa = PBXBuildFile; fileRef = 112AA0252490CB4600A4D822 /* LoginViewController.xib */; };
		1130EFF624924322007B5290 /* RecipeCollectionViewCell.swift in Sources */ = {isa = PBXBuildFile; fileRef = 1130EFF524924322007B5290 /* RecipeCollectionViewCell.swift */; };
		1130EFF824935F3A007B5290 /* ExploreViewController.swift in Sources */ = {isa = PBXBuildFile; fileRef = 1130EFF724935F3A007B5290 /* ExploreViewController.swift */; };
		1130EFFA24935FFB007B5290 /* MyRecipesViewController.swift in Sources */ = {isa = PBXBuildFile; fileRef = 1130EFF924935FFB007B5290 /* MyRecipesViewController.swift */; };
		1130EFFC24936096007B5290 /* FavoritesViewController.swift in Sources */ = {isa = PBXBuildFile; fileRef = 1130EFFB24936096007B5290 /* FavoritesViewController.swift */; };
		1130F005249371DC007B5290 /* TabBarController.swift in Sources */ = {isa = PBXBuildFile; fileRef = 1130F004249371DC007B5290 /* TabBarController.swift */; };
		115716A9249E5D380089031B /* SettingsViewController.swift in Sources */ = {isa = PBXBuildFile; fileRef = 115716A7249E5D380089031B /* SettingsViewController.swift */; };
		115716AC249E65CA0089031B /* SettingsCell.swift in Sources */ = {isa = PBXBuildFile; fileRef = 115716AB249E65CA0089031B /* SettingsCell.swift */; };
		115716AE249F49B60089031B /* AccountSettingsViewController.swift in Sources */ = {isa = PBXBuildFile; fileRef = 115716AD249F49B60089031B /* AccountSettingsViewController.swift */; };
		115716B0249F4BC30089031B /* SettingsTextFieldCell.swift in Sources */ = {isa = PBXBuildFile; fileRef = 115716AF249F4BC30089031B /* SettingsTextFieldCell.swift */; };
		115716B2249F5E130089031B /* ChangePasswordViewController.swift in Sources */ = {isa = PBXBuildFile; fileRef = 115716B1249F5E130089031B /* ChangePasswordViewController.swift */; };
		115716B4249F68FD0089031B /* PasswordTextFieldCell.swift in Sources */ = {isa = PBXBuildFile; fileRef = 115716B3249F68FD0089031B /* PasswordTextFieldCell.swift */; };
		1166315824B1C05A0056D78E /* AddRecipeIngredientsViewController.swift in Sources */ = {isa = PBXBuildFile; fileRef = 1166315624B1C05A0056D78E /* AddRecipeIngredientsViewController.swift */; };
		1166315924B1C05A0056D78E /* AddRecipeIngredientsViewController.xib in Resources */ = {isa = PBXBuildFile; fileRef = 1166315724B1C05A0056D78E /* AddRecipeIngredientsViewController.xib */; };
		117C4E732494B01D00E97466 /* GoogleService-Info.plist in Resources */ = {isa = PBXBuildFile; fileRef = 117C4E722494B01D00E97466 /* GoogleService-Info.plist */; };
		11865DA42490F49500FC3743 /* AppConstants.swift in Sources */ = {isa = PBXBuildFile; fileRef = 11865DA32490F49500FC3743 /* AppConstants.swift */; };
		11865DA724911F5300FC3743 /* SignupViewController.swift in Sources */ = {isa = PBXBuildFile; fileRef = 11865DA524911F5300FC3743 /* SignupViewController.swift */; };
		11865DA824911F5300FC3743 /* SignupViewController.xib in Resources */ = {isa = PBXBuildFile; fileRef = 11865DA624911F5300FC3743 /* SignupViewController.xib */; };
		11DA95FB2491E9C700FF6C19 /* ForgotPasswordViewController.swift in Sources */ = {isa = PBXBuildFile; fileRef = 11DA95F92491E9C700FF6C19 /* ForgotPasswordViewController.swift */; };
		11DA95FC2491E9C700FF6C19 /* ForgotPasswordViewController.xib in Resources */ = {isa = PBXBuildFile; fileRef = 11DA95FA2491E9C700FF6C19 /* ForgotPasswordViewController.xib */; };
		11DA96012492390D00FF6C19 /* RecipeViewController.swift in Sources */ = {isa = PBXBuildFile; fileRef = 11DA95FF2492390D00FF6C19 /* RecipeViewController.swift */; };
		11DA96022492390D00FF6C19 /* RecipeViewController.xib in Resources */ = {isa = PBXBuildFile; fileRef = 11DA96002492390D00FF6C19 /* RecipeViewController.xib */; };
		11E5901924A486DE006C66C5 /* Extension+UIViewController.swift in Sources */ = {isa = PBXBuildFile; fileRef = 11E5901824A486DE006C66C5 /* Extension+UIViewController.swift */; };
		11E5901C24A60C86006C66C5 /* AddRecipeViewController.swift in Sources */ = {isa = PBXBuildFile; fileRef = 11E5901A24A60C86006C66C5 /* AddRecipeViewController.swift */; };
		11E5901D24A60C86006C66C5 /* AddRecipeViewController.xib in Resources */ = {isa = PBXBuildFile; fileRef = 11E5901B24A60C86006C66C5 /* AddRecipeViewController.xib */; };
		AE44E1AD39AE123B8F65D19E /* Pods_shiokrecipes.framework in Frameworks */ = {isa = PBXBuildFile; fileRef = D84682D886E72A098AD60868 /* Pods_shiokrecipes.framework */; };
/* End PBXBuildFile section */

/* Begin PBXFileReference section */
		11143C8924B6E94700CBE00D /* IngredientTextFieldCell.swift */ = {isa = PBXFileReference; lastKnownFileType = sourcecode.swift; path = IngredientTextFieldCell.swift; sourceTree = "<group>"; };
		112AA00D2490BACD00A4D822 /* shiokrecipes.app */ = {isa = PBXFileReference; explicitFileType = wrapper.application; includeInIndex = 0; path = shiokrecipes.app; sourceTree = BUILT_PRODUCTS_DIR; };
		112AA0102490BACD00A4D822 /* AppDelegate.swift */ = {isa = PBXFileReference; lastKnownFileType = sourcecode.swift; path = AppDelegate.swift; sourceTree = "<group>"; };
		112AA0122490BACD00A4D822 /* SceneDelegate.swift */ = {isa = PBXFileReference; lastKnownFileType = sourcecode.swift; path = SceneDelegate.swift; sourceTree = "<group>"; };
		112AA0172490BACD00A4D822 /* Base */ = {isa = PBXFileReference; lastKnownFileType = file.storyboard; name = Base; path = Base.lproj/Main.storyboard; sourceTree = "<group>"; };
		112AA0192490BACE00A4D822 /* Assets.xcassets */ = {isa = PBXFileReference; lastKnownFileType = folder.assetcatalog; path = Assets.xcassets; sourceTree = "<group>"; };
		112AA01C2490BACE00A4D822 /* Base */ = {isa = PBXFileReference; lastKnownFileType = file.storyboard; name = Base; path = Base.lproj/LaunchScreen.storyboard; sourceTree = "<group>"; };
		112AA01E2490BACE00A4D822 /* Info.plist */ = {isa = PBXFileReference; lastKnownFileType = text.plist.xml; path = Info.plist; sourceTree = "<group>"; };
		112AA0242490CB4600A4D822 /* LoginViewController.swift */ = {isa = PBXFileReference; lastKnownFileType = sourcecode.swift; path = LoginViewController.swift; sourceTree = "<group>"; };
		112AA0252490CB4600A4D822 /* LoginViewController.xib */ = {isa = PBXFileReference; lastKnownFileType = file.xib; path = LoginViewController.xib; sourceTree = "<group>"; };
		1130EFF524924322007B5290 /* RecipeCollectionViewCell.swift */ = {isa = PBXFileReference; lastKnownFileType = sourcecode.swift; path = RecipeCollectionViewCell.swift; sourceTree = "<group>"; };
		1130EFF724935F3A007B5290 /* ExploreViewController.swift */ = {isa = PBXFileReference; lastKnownFileType = sourcecode.swift; path = ExploreViewController.swift; sourceTree = "<group>"; };
		1130EFF924935FFB007B5290 /* MyRecipesViewController.swift */ = {isa = PBXFileReference; lastKnownFileType = sourcecode.swift; path = MyRecipesViewController.swift; sourceTree = "<group>"; };
		1130EFFB24936096007B5290 /* FavoritesViewController.swift */ = {isa = PBXFileReference; lastKnownFileType = sourcecode.swift; path = FavoritesViewController.swift; sourceTree = "<group>"; };
		1130F004249371DC007B5290 /* TabBarController.swift */ = {isa = PBXFileReference; lastKnownFileType = sourcecode.swift; path = TabBarController.swift; sourceTree = "<group>"; };
		115716A7249E5D380089031B /* SettingsViewController.swift */ = {isa = PBXFileReference; lastKnownFileType = sourcecode.swift; path = SettingsViewController.swift; sourceTree = "<group>"; };
		115716AB249E65CA0089031B /* SettingsCell.swift */ = {isa = PBXFileReference; lastKnownFileType = sourcecode.swift; path = SettingsCell.swift; sourceTree = "<group>"; };
		115716AD249F49B60089031B /* AccountSettingsViewController.swift */ = {isa = PBXFileReference; lastKnownFileType = sourcecode.swift; path = AccountSettingsViewController.swift; sourceTree = "<group>"; };
		115716AF249F4BC30089031B /* SettingsTextFieldCell.swift */ = {isa = PBXFileReference; lastKnownFileType = sourcecode.swift; path = SettingsTextFieldCell.swift; sourceTree = "<group>"; };
		115716B1249F5E130089031B /* ChangePasswordViewController.swift */ = {isa = PBXFileReference; lastKnownFileType = sourcecode.swift; path = ChangePasswordViewController.swift; sourceTree = "<group>"; };
		115716B3249F68FD0089031B /* PasswordTextFieldCell.swift */ = {isa = PBXFileReference; lastKnownFileType = sourcecode.swift; path = PasswordTextFieldCell.swift; sourceTree = "<group>"; };
		1166315624B1C05A0056D78E /* AddRecipeIngredientsViewController.swift */ = {isa = PBXFileReference; lastKnownFileType = sourcecode.swift; path = AddRecipeIngredientsViewController.swift; sourceTree = "<group>"; };
		1166315724B1C05A0056D78E /* AddRecipeIngredientsViewController.xib */ = {isa = PBXFileReference; lastKnownFileType = file.xib; path = AddRecipeIngredientsViewController.xib; sourceTree = "<group>"; };
		117C4E722494B01D00E97466 /* GoogleService-Info.plist */ = {isa = PBXFileReference; fileEncoding = 4; lastKnownFileType = text.plist.xml; path = "GoogleService-Info.plist"; sourceTree = "<group>"; };
		11865DA32490F49500FC3743 /* AppConstants.swift */ = {isa = PBXFileReference; lastKnownFileType = sourcecode.swift; path = AppConstants.swift; sourceTree = "<group>"; };
		11865DA524911F5300FC3743 /* SignupViewController.swift */ = {isa = PBXFileReference; lastKnownFileType = sourcecode.swift; path = SignupViewController.swift; sourceTree = "<group>"; };
		11865DA624911F5300FC3743 /* SignupViewController.xib */ = {isa = PBXFileReference; lastKnownFileType = file.xib; path = SignupViewController.xib; sourceTree = "<group>"; };
		11DA95F92491E9C700FF6C19 /* ForgotPasswordViewController.swift */ = {isa = PBXFileReference; lastKnownFileType = sourcecode.swift; path = ForgotPasswordViewController.swift; sourceTree = "<group>"; };
		11DA95FA2491E9C700FF6C19 /* ForgotPasswordViewController.xib */ = {isa = PBXFileReference; lastKnownFileType = file.xib; path = ForgotPasswordViewController.xib; sourceTree = "<group>"; };
		11DA95FF2492390D00FF6C19 /* RecipeViewController.swift */ = {isa = PBXFileReference; lastKnownFileType = sourcecode.swift; path = RecipeViewController.swift; sourceTree = "<group>"; };
		11DA96002492390D00FF6C19 /* RecipeViewController.xib */ = {isa = PBXFileReference; lastKnownFileType = file.xib; path = RecipeViewController.xib; sourceTree = "<group>"; };
		11E5901824A486DE006C66C5 /* Extension+UIViewController.swift */ = {isa = PBXFileReference; lastKnownFileType = sourcecode.swift; path = "Extension+UIViewController.swift"; sourceTree = "<group>"; };
		11E5901A24A60C86006C66C5 /* AddRecipeViewController.swift */ = {isa = PBXFileReference; lastKnownFileType = sourcecode.swift; path = AddRecipeViewController.swift; sourceTree = "<group>"; };
		11E5901B24A60C86006C66C5 /* AddRecipeViewController.xib */ = {isa = PBXFileReference; lastKnownFileType = file.xib; path = AddRecipeViewController.xib; sourceTree = "<group>"; };
		6D8DE83C821659895733DE1C /* Pods-shiokrecipes.release.xcconfig */ = {isa = PBXFileReference; includeInIndex = 1; lastKnownFileType = text.xcconfig; name = "Pods-shiokrecipes.release.xcconfig"; path = "Target Support Files/Pods-shiokrecipes/Pods-shiokrecipes.release.xcconfig"; sourceTree = "<group>"; };
		D84682D886E72A098AD60868 /* Pods_shiokrecipes.framework */ = {isa = PBXFileReference; explicitFileType = wrapper.framework; includeInIndex = 0; path = Pods_shiokrecipes.framework; sourceTree = BUILT_PRODUCTS_DIR; };
		E95A418BAAF66E4EB4EAB9D6 /* Pods-shiokrecipes.debug.xcconfig */ = {isa = PBXFileReference; includeInIndex = 1; lastKnownFileType = text.xcconfig; name = "Pods-shiokrecipes.debug.xcconfig"; path = "Target Support Files/Pods-shiokrecipes/Pods-shiokrecipes.debug.xcconfig"; sourceTree = "<group>"; };
/* End PBXFileReference section */

/* Begin PBXFrameworksBuildPhase section */
		112AA00A2490BACD00A4D822 /* Frameworks */ = {
			isa = PBXFrameworksBuildPhase;
			buildActionMask = 2147483647;
			files = (
				AE44E1AD39AE123B8F65D19E /* Pods_shiokrecipes.framework in Frameworks */,
			);
			runOnlyForDeploymentPostprocessing = 0;
		};
/* End PBXFrameworksBuildPhase section */

/* Begin PBXGroup section */
		112AA0042490BACD00A4D822 = {
			isa = PBXGroup;
			children = (
				112AA00F2490BACD00A4D822 /* shiokrecipes */,
				112AA00E2490BACD00A4D822 /* Products */,
				8ECF313D2BCCA4FD931A2EDE /* Pods */,
				80F419C64895285357A23904 /* Frameworks */,
			);
			sourceTree = "<group>";
		};
		112AA00E2490BACD00A4D822 /* Products */ = {
			isa = PBXGroup;
			children = (
				112AA00D2490BACD00A4D822 /* shiokrecipes.app */,
			);
			name = Products;
			sourceTree = "<group>";
		};
		112AA00F2490BACD00A4D822 /* shiokrecipes */ = {
			isa = PBXGroup;
			children = (
				1130EFFD249369B9007B5290 /* Views */,
				1130EFFE249369ED007B5290 /* Controllers */,
				11865DA22490F48100FC3743 /* Utils */,
				1130EFFF24936A53007B5290 /* Startup */,
				112AA0192490BACE00A4D822 /* Assets.xcassets */,
				112AA01E2490BACE00A4D822 /* Info.plist */,
				117C4E722494B01D00E97466 /* GoogleService-Info.plist */,
			);
			path = shiokrecipes;
			sourceTree = "<group>";
		};
		1130EFFD249369B9007B5290 /* Views */ = {
			isa = PBXGroup;
			children = (
				112AA0252490CB4600A4D822 /* LoginViewController.xib */,
				11865DA624911F5300FC3743 /* SignupViewController.xib */,
				11DA95FA2491E9C700FF6C19 /* ForgotPasswordViewController.xib */,
				11DA96002492390D00FF6C19 /* RecipeViewController.xib */,
				1130EFF524924322007B5290 /* RecipeCollectionViewCell.swift */,
				115716AB249E65CA0089031B /* SettingsCell.swift */,
				115716AF249F4BC30089031B /* SettingsTextFieldCell.swift */,
				115716B3249F68FD0089031B /* PasswordTextFieldCell.swift */,
				11E5901B24A60C86006C66C5 /* AddRecipeViewController.xib */,
				1166315724B1C05A0056D78E /* AddRecipeIngredientsViewController.xib */,
				11143C8924B6E94700CBE00D /* IngredientTextFieldCell.swift */,
			);
			path = Views;
			sourceTree = "<group>";
		};
		1130EFFE249369ED007B5290 /* Controllers */ = {
			isa = PBXGroup;
			children = (
				112AA0242490CB4600A4D822 /* LoginViewController.swift */,
				11865DA524911F5300FC3743 /* SignupViewController.swift */,
				11DA95F92491E9C700FF6C19 /* ForgotPasswordViewController.swift */,
				11DA95FF2492390D00FF6C19 /* RecipeViewController.swift */,
				1130EFF724935F3A007B5290 /* ExploreViewController.swift */,
				1130EFF924935FFB007B5290 /* MyRecipesViewController.swift */,
				1130EFFB24936096007B5290 /* FavoritesViewController.swift */,
				1130F004249371DC007B5290 /* TabBarController.swift */,
				115716A7249E5D380089031B /* SettingsViewController.swift */,
				115716AD249F49B60089031B /* AccountSettingsViewController.swift */,
				115716B1249F5E130089031B /* ChangePasswordViewController.swift */,
				11E5901A24A60C86006C66C5 /* AddRecipeViewController.swift */,
				1166315624B1C05A0056D78E /* AddRecipeIngredientsViewController.swift */,
			);
			path = Controllers;
			sourceTree = "<group>";
		};
		1130EFFF24936A53007B5290 /* Startup */ = {
			isa = PBXGroup;
			children = (
				112AA0102490BACD00A4D822 /* AppDelegate.swift */,
				112AA0122490BACD00A4D822 /* SceneDelegate.swift */,
				112AA0162490BACD00A4D822 /* Main.storyboard */,
				112AA01B2490BACE00A4D822 /* LaunchScreen.storyboard */,
			);
			path = Startup;
			sourceTree = "<group>";
		};
		11865DA22490F48100FC3743 /* Utils */ = {
			isa = PBXGroup;
			children = (
				11865DA32490F49500FC3743 /* AppConstants.swift */,
				11E5901824A486DE006C66C5 /* Extension+UIViewController.swift */,
			);
			path = Utils;
			sourceTree = "<group>";
		};
		80F419C64895285357A23904 /* Frameworks */ = {
			isa = PBXGroup;
			children = (
				D84682D886E72A098AD60868 /* Pods_shiokrecipes.framework */,
			);
			name = Frameworks;
			sourceTree = "<group>";
		};
		8ECF313D2BCCA4FD931A2EDE /* Pods */ = {
			isa = PBXGroup;
			children = (
				E95A418BAAF66E4EB4EAB9D6 /* Pods-shiokrecipes.debug.xcconfig */,
				6D8DE83C821659895733DE1C /* Pods-shiokrecipes.release.xcconfig */,
			);
			path = Pods;
			sourceTree = "<group>";
		};
/* End PBXGroup section */

/* Begin PBXNativeTarget section */
		112AA00C2490BACD00A4D822 /* shiokrecipes */ = {
			isa = PBXNativeTarget;
			buildConfigurationList = 112AA0212490BACE00A4D822 /* Build configuration list for PBXNativeTarget "shiokrecipes" */;
			buildPhases = (
				B1B1727EB74F28432B8B5984 /* [CP] Check Pods Manifest.lock */,
				112AA0092490BACD00A4D822 /* Sources */,
				112AA00A2490BACD00A4D822 /* Frameworks */,
				112AA00B2490BACD00A4D822 /* Resources */,
				191CB437820B9A8F82E86371 /* [CP] Embed Pods Frameworks */,
			);
			buildRules = (
			);
			dependencies = (
			);
			name = shiokrecipes;
			productName = shiokrecipes;
			productReference = 112AA00D2490BACD00A4D822 /* shiokrecipes.app */;
			productType = "com.apple.product-type.application";
		};
/* End PBXNativeTarget section */

/* Begin PBXProject section */
		112AA0052490BACD00A4D822 /* Project object */ = {
			isa = PBXProject;
			attributes = {
				LastSwiftUpdateCheck = 1150;
				LastUpgradeCheck = 1150;
				ORGANIZATIONNAME = clarencechan;
				TargetAttributes = {
					112AA00C2490BACD00A4D822 = {
						CreatedOnToolsVersion = 11.5;
					};
				};
			};
			buildConfigurationList = 112AA0082490BACD00A4D822 /* Build configuration list for PBXProject "shiokrecipes" */;
			compatibilityVersion = "Xcode 9.3";
			developmentRegion = en;
			hasScannedForEncodings = 0;
			knownRegions = (
				en,
				Base,
			);
			mainGroup = 112AA0042490BACD00A4D822;
			productRefGroup = 112AA00E2490BACD00A4D822 /* Products */;
			projectDirPath = "";
			projectRoot = "";
			targets = (
				112AA00C2490BACD00A4D822 /* shiokrecipes */,
			);
		};
/* End PBXProject section */

/* Begin PBXResourcesBuildPhase section */
		112AA00B2490BACD00A4D822 /* Resources */ = {
			isa = PBXResourcesBuildPhase;
			buildActionMask = 2147483647;
			files = (
				11DA95FC2491E9C700FF6C19 /* ForgotPasswordViewController.xib in Resources */,
				117C4E732494B01D00E97466 /* GoogleService-Info.plist in Resources */,
				112AA0272490CB4700A4D822 /* LoginViewController.xib in Resources */,
				1166315924B1C05A0056D78E /* AddRecipeIngredientsViewController.xib in Resources */,
				11865DA824911F5300FC3743 /* SignupViewController.xib in Resources */,
				112AA01D2490BACE00A4D822 /* LaunchScreen.storyboard in Resources */,
				11E5901D24A60C86006C66C5 /* AddRecipeViewController.xib in Resources */,
				112AA01A2490BACE00A4D822 /* Assets.xcassets in Resources */,
				11DA96022492390D00FF6C19 /* RecipeViewController.xib in Resources */,
				112AA0182490BACD00A4D822 /* Main.storyboard in Resources */,
			);
			runOnlyForDeploymentPostprocessing = 0;
		};
/* End PBXResourcesBuildPhase section */

/* Begin PBXShellScriptBuildPhase section */
		191CB437820B9A8F82E86371 /* [CP] Embed Pods Frameworks */ = {
			isa = PBXShellScriptBuildPhase;
			buildActionMask = 2147483647;
			files = (
			);
			inputFileListPaths = (
				"${PODS_ROOT}/Target Support Files/Pods-shiokrecipes/Pods-shiokrecipes-frameworks-${CONFIGURATION}-input-files.xcfilelist",
			);
			name = "[CP] Embed Pods Frameworks";
			outputFileListPaths = (
				"${PODS_ROOT}/Target Support Files/Pods-shiokrecipes/Pods-shiokrecipes-frameworks-${CONFIGURATION}-output-files.xcfilelist",
			);
			runOnlyForDeploymentPostprocessing = 0;
			shellPath = /bin/sh;
			shellScript = "\"${PODS_ROOT}/Target Support Files/Pods-shiokrecipes/Pods-shiokrecipes-frameworks.sh\"\n";
			showEnvVarsInLog = 0;
		};
		B1B1727EB74F28432B8B5984 /* [CP] Check Pods Manifest.lock */ = {
			isa = PBXShellScriptBuildPhase;
			buildActionMask = 2147483647;
			files = (
			);
			inputFileListPaths = (
			);
			inputPaths = (
				"${PODS_PODFILE_DIR_PATH}/Podfile.lock",
				"${PODS_ROOT}/Manifest.lock",
			);
			name = "[CP] Check Pods Manifest.lock";
			outputFileListPaths = (
			);
			outputPaths = (
				"$(DERIVED_FILE_DIR)/Pods-shiokrecipes-checkManifestLockResult.txt",
			);
			runOnlyForDeploymentPostprocessing = 0;
			shellPath = /bin/sh;
			shellScript = "diff \"${PODS_PODFILE_DIR_PATH}/Podfile.lock\" \"${PODS_ROOT}/Manifest.lock\" > /dev/null\nif [ $? != 0 ] ; then\n    # print error to STDERR\n    echo \"error: The sandbox is not in sync with the Podfile.lock. Run 'pod install' or update your CocoaPods installation.\" >&2\n    exit 1\nfi\n# This output is used by Xcode 'outputs' to avoid re-running this script phase.\necho \"SUCCESS\" > \"${SCRIPT_OUTPUT_FILE_0}\"\n";
			showEnvVarsInLog = 0;
		};
/* End PBXShellScriptBuildPhase section */

/* Begin PBXSourcesBuildPhase section */
		112AA0092490BACD00A4D822 /* Sources */ = {
			isa = PBXSourcesBuildPhase;
			buildActionMask = 2147483647;
			files = (
				1130EFF624924322007B5290 /* RecipeCollectionViewCell.swift in Sources */,
				115716B0249F4BC30089031B /* SettingsTextFieldCell.swift in Sources */,
				11865DA724911F5300FC3743 /* SignupViewController.swift in Sources */,
				1130EFF824935F3A007B5290 /* ExploreViewController.swift in Sources */,
				115716B2249F5E130089031B /* ChangePasswordViewController.swift in Sources */,
				1130EFFA24935FFB007B5290 /* MyRecipesViewController.swift in Sources */,
				11143C8A24B6E94700CBE00D /* IngredientTextFieldCell.swift in Sources */,
				11DA95FB2491E9C700FF6C19 /* ForgotPasswordViewController.swift in Sources */,
				11E5901924A486DE006C66C5 /* Extension+UIViewController.swift in Sources */,
				112AA0262490CB4700A4D822 /* LoginViewController.swift in Sources */,
				11DA96012492390D00FF6C19 /* RecipeViewController.swift in Sources */,
				1166315824B1C05A0056D78E /* AddRecipeIngredientsViewController.swift in Sources */,
				115716B4249F68FD0089031B /* PasswordTextFieldCell.swift in Sources */,
				115716A9249E5D380089031B /* SettingsViewController.swift in Sources */,
				11E5901C24A60C86006C66C5 /* AddRecipeViewController.swift in Sources */,
				112AA0112490BACD00A4D822 /* AppDelegate.swift in Sources */,
				115716AE249F49B60089031B /* AccountSettingsViewController.swift in Sources */,
				112AA0132490BACD00A4D822 /* SceneDelegate.swift in Sources */,
				1130F005249371DC007B5290 /* TabBarController.swift in Sources */,
				1130EFFC24936096007B5290 /* FavoritesViewController.swift in Sources */,
				115716AC249E65CA0089031B /* SettingsCell.swift in Sources */,
				11865DA42490F49500FC3743 /* AppConstants.swift in Sources */,
			);
			runOnlyForDeploymentPostprocessing = 0;
		};
/* End PBXSourcesBuildPhase section */

/* Begin PBXVariantGroup section */
		112AA0162490BACD00A4D822 /* Main.storyboard */ = {
			isa = PBXVariantGroup;
			children = (
				112AA0172490BACD00A4D822 /* Base */,
			);
			name = Main.storyboard;
			sourceTree = "<group>";
		};
		112AA01B2490BACE00A4D822 /* LaunchScreen.storyboard */ = {
			isa = PBXVariantGroup;
			children = (
				112AA01C2490BACE00A4D822 /* Base */,
			);
			name = LaunchScreen.storyboard;
			sourceTree = "<group>";
		};
/* End PBXVariantGroup section */

/* Begin XCBuildConfiguration section */
		112AA01F2490BACE00A4D822 /* Debug */ = {
			isa = XCBuildConfiguration;
			buildSettings = {
				ALWAYS_SEARCH_USER_PATHS = NO;
				CLANG_ANALYZER_NONNULL = YES;
				CLANG_ANALYZER_NUMBER_OBJECT_CONVERSION = YES_AGGRESSIVE;
				CLANG_CXX_LANGUAGE_STANDARD = "gnu++14";
				CLANG_CXX_LIBRARY = "libc++";
				CLANG_ENABLE_MODULES = YES;
				CLANG_ENABLE_OBJC_ARC = YES;
				CLANG_ENABLE_OBJC_WEAK = YES;
				CLANG_WARN_BLOCK_CAPTURE_AUTORELEASING = YES;
				CLANG_WARN_BOOL_CONVERSION = YES;
				CLANG_WARN_COMMA = YES;
				CLANG_WARN_CONSTANT_CONVERSION = YES;
				CLANG_WARN_DEPRECATED_OBJC_IMPLEMENTATIONS = YES;
				CLANG_WARN_DIRECT_OBJC_ISA_USAGE = YES_ERROR;
				CLANG_WARN_DOCUMENTATION_COMMENTS = YES;
				CLANG_WARN_EMPTY_BODY = YES;
				CLANG_WARN_ENUM_CONVERSION = YES;
				CLANG_WARN_INFINITE_RECURSION = YES;
				CLANG_WARN_INT_CONVERSION = YES;
				CLANG_WARN_NON_LITERAL_NULL_CONVERSION = YES;
				CLANG_WARN_OBJC_IMPLICIT_RETAIN_SELF = YES;
				CLANG_WARN_OBJC_LITERAL_CONVERSION = YES;
				CLANG_WARN_OBJC_ROOT_CLASS = YES_ERROR;
				CLANG_WARN_RANGE_LOOP_ANALYSIS = YES;
				CLANG_WARN_STRICT_PROTOTYPES = YES;
				CLANG_WARN_SUSPICIOUS_MOVE = YES;
				CLANG_WARN_UNGUARDED_AVAILABILITY = YES_AGGRESSIVE;
				CLANG_WARN_UNREACHABLE_CODE = YES;
				CLANG_WARN__DUPLICATE_METHOD_MATCH = YES;
				COPY_PHASE_STRIP = NO;
				DEBUG_INFORMATION_FORMAT = dwarf;
				ENABLE_STRICT_OBJC_MSGSEND = YES;
				ENABLE_TESTABILITY = YES;
				GCC_C_LANGUAGE_STANDARD = gnu11;
				GCC_DYNAMIC_NO_PIC = NO;
				GCC_NO_COMMON_BLOCKS = YES;
				GCC_OPTIMIZATION_LEVEL = 0;
				GCC_PREPROCESSOR_DEFINITIONS = (
					"DEBUG=1",
					"$(inherited)",
				);
				GCC_WARN_64_TO_32_BIT_CONVERSION = YES;
				GCC_WARN_ABOUT_RETURN_TYPE = YES_ERROR;
				GCC_WARN_UNDECLARED_SELECTOR = YES;
				GCC_WARN_UNINITIALIZED_AUTOS = YES_AGGRESSIVE;
				GCC_WARN_UNUSED_FUNCTION = YES;
				GCC_WARN_UNUSED_VARIABLE = YES;
				IPHONEOS_DEPLOYMENT_TARGET = 13.5;
				MTL_ENABLE_DEBUG_INFO = INCLUDE_SOURCE;
				MTL_FAST_MATH = YES;
				ONLY_ACTIVE_ARCH = YES;
				SDKROOT = iphoneos;
				SWIFT_ACTIVE_COMPILATION_CONDITIONS = DEBUG;
				SWIFT_OPTIMIZATION_LEVEL = "-Onone";
			};
			name = Debug;
		};
		112AA0202490BACE00A4D822 /* Release */ = {
			isa = XCBuildConfiguration;
			buildSettings = {
				ALWAYS_SEARCH_USER_PATHS = NO;
				CLANG_ANALYZER_NONNULL = YES;
				CLANG_ANALYZER_NUMBER_OBJECT_CONVERSION = YES_AGGRESSIVE;
				CLANG_CXX_LANGUAGE_STANDARD = "gnu++14";
				CLANG_CXX_LIBRARY = "libc++";
				CLANG_ENABLE_MODULES = YES;
				CLANG_ENABLE_OBJC_ARC = YES;
				CLANG_ENABLE_OBJC_WEAK = YES;
				CLANG_WARN_BLOCK_CAPTURE_AUTORELEASING = YES;
				CLANG_WARN_BOOL_CONVERSION = YES;
				CLANG_WARN_COMMA = YES;
				CLANG_WARN_CONSTANT_CONVERSION = YES;
				CLANG_WARN_DEPRECATED_OBJC_IMPLEMENTATIONS = YES;
				CLANG_WARN_DIRECT_OBJC_ISA_USAGE = YES_ERROR;
				CLANG_WARN_DOCUMENTATION_COMMENTS = YES;
				CLANG_WARN_EMPTY_BODY = YES;
				CLANG_WARN_ENUM_CONVERSION = YES;
				CLANG_WARN_INFINITE_RECURSION = YES;
				CLANG_WARN_INT_CONVERSION = YES;
				CLANG_WARN_NON_LITERAL_NULL_CONVERSION = YES;
				CLANG_WARN_OBJC_IMPLICIT_RETAIN_SELF = YES;
				CLANG_WARN_OBJC_LITERAL_CONVERSION = YES;
				CLANG_WARN_OBJC_ROOT_CLASS = YES_ERROR;
				CLANG_WARN_RANGE_LOOP_ANALYSIS = YES;
				CLANG_WARN_STRICT_PROTOTYPES = YES;
				CLANG_WARN_SUSPICIOUS_MOVE = YES;
				CLANG_WARN_UNGUARDED_AVAILABILITY = YES_AGGRESSIVE;
				CLANG_WARN_UNREACHABLE_CODE = YES;
				CLANG_WARN__DUPLICATE_METHOD_MATCH = YES;
				COPY_PHASE_STRIP = NO;
				DEBUG_INFORMATION_FORMAT = "dwarf-with-dsym";
				ENABLE_NS_ASSERTIONS = NO;
				ENABLE_STRICT_OBJC_MSGSEND = YES;
				GCC_C_LANGUAGE_STANDARD = gnu11;
				GCC_NO_COMMON_BLOCKS = YES;
				GCC_WARN_64_TO_32_BIT_CONVERSION = YES;
				GCC_WARN_ABOUT_RETURN_TYPE = YES_ERROR;
				GCC_WARN_UNDECLARED_SELECTOR = YES;
				GCC_WARN_UNINITIALIZED_AUTOS = YES_AGGRESSIVE;
				GCC_WARN_UNUSED_FUNCTION = YES;
				GCC_WARN_UNUSED_VARIABLE = YES;
				IPHONEOS_DEPLOYMENT_TARGET = 13.5;
				MTL_ENABLE_DEBUG_INFO = NO;
				MTL_FAST_MATH = YES;
				SDKROOT = iphoneos;
				SWIFT_COMPILATION_MODE = wholemodule;
				SWIFT_OPTIMIZATION_LEVEL = "-O";
				VALIDATE_PRODUCT = YES;
			};
			name = Release;
		};
		112AA0222490BACE00A4D822 /* Debug */ = {
			isa = XCBuildConfiguration;
			baseConfigurationReference = E95A418BAAF66E4EB4EAB9D6 /* Pods-shiokrecipes.debug.xcconfig */;
			buildSettings = {
				ASSETCATALOG_COMPILER_APPICON_NAME = AppIcon;
				CODE_SIGN_STYLE = Automatic;
				DEVELOPMENT_TEAM = KNKN54A4FZ;
				INFOPLIST_FILE = shiokrecipes/Info.plist;
				IPHONEOS_DEPLOYMENT_TARGET = 13.0;
				LD_RUNPATH_SEARCH_PATHS = (
					"$(inherited)",
					"@executable_path/Frameworks",
				);
				PRODUCT_BUNDLE_IDENTIFIER = com.clarencechan.shiokrecipes;
				PRODUCT_NAME = "$(TARGET_NAME)";
				SWIFT_VERSION = 5.0;
				TARGETED_DEVICE_FAMILY = 1;
			};
			name = Debug;
		};
		112AA0232490BACE00A4D822 /* Release */ = {
			isa = XCBuildConfiguration;
			baseConfigurationReference = 6D8DE83C821659895733DE1C /* Pods-shiokrecipes.release.xcconfig */;
			buildSettings = {
				ASSETCATALOG_COMPILER_APPICON_NAME = AppIcon;
				CODE_SIGN_STYLE = Automatic;
				DEVELOPMENT_TEAM = KNKN54A4FZ;
				INFOPLIST_FILE = shiokrecipes/Info.plist;
				IPHONEOS_DEPLOYMENT_TARGET = 13.0;
				LD_RUNPATH_SEARCH_PATHS = (
					"$(inherited)",
					"@executable_path/Frameworks",
				);
				PRODUCT_BUNDLE_IDENTIFIER = com.clarencechan.shiokrecipes;
				PRODUCT_NAME = "$(TARGET_NAME)";
				SWIFT_VERSION = 5.0;
				TARGETED_DEVICE_FAMILY = 1;
			};
			name = Release;
		};
/* End XCBuildConfiguration section */

/* Begin XCConfigurationList section */
		112AA0082490BACD00A4D822 /* Build configuration list for PBXProject "shiokrecipes" */ = {
			isa = XCConfigurationList;
			buildConfigurations = (
				112AA01F2490BACE00A4D822 /* Debug */,
				112AA0202490BACE00A4D822 /* Release */,
			);
			defaultConfigurationIsVisible = 0;
			defaultConfigurationName = Release;
		};
		112AA0212490BACE00A4D822 /* Build configuration list for PBXNativeTarget "shiokrecipes" */ = {
			isa = XCConfigurationList;
			buildConfigurations = (
				112AA0222490BACE00A4D822 /* Debug */,
				112AA0232490BACE00A4D822 /* Release */,
			);
			defaultConfigurationIsVisible = 0;
			defaultConfigurationName = Release;
		};
/* End XCConfigurationList section */
	};
	rootObject = 112AA0052490BACD00A4D822 /* Project object */;
}
