// !$*UTF8*$!
{
	archiveVersion = 1;
	classes = {
	};
	objectVersion = 50;
	objects = {

/* Begin PBXBuildFile section */
		112AA0112490BACD00A4D822 /* AppDelegate.swift in Sources */ = {isa = PBXBuildFile; fileRef = 112AA0102490BACD00A4D822 /* AppDelegate.swift */; };
		112AA0132490BACD00A4D822 /* SceneDelegate.swift in Sources */ = {isa = PBXBuildFile; fileRef = 112AA0122490BACD00A4D822 /* SceneDelegate.swift */; };
		112AA0152490BACD00A4D822 /* ViewController.swift in Sources */ = {isa = PBXBuildFile; fileRef = 112AA0142490BACD00A4D822 /* ViewController.swift */; };
		112AA0182490BACD00A4D822 /* Main.storyboard in Resources */ = {isa = PBXBuildFile; fileRef = 112AA0162490BACD00A4D822 /* Main.storyboard */; };
		112AA01A2490BACE00A4D822 /* Assets.xcassets in Resources */ = {isa = PBXBuildFile; fileRef = 112AA0192490BACE00A4D822 /* Assets.xcassets */; };
		112AA01D2490BACE00A4D822 /* LaunchScreen.storyboard in Resources */ = {isa = PBXBuildFile; fileRef = 112AA01B2490BACE00A4D822 /* LaunchScreen.storyboard */; };
		AE44E1AD39AE123B8F65D19E /* Pods_shiokrecipes.framework in Frameworks */ = {isa = PBXBuildFile; fileRef = D84682D886E72A098AD60868 /* Pods_shiokrecipes.framework */; };
/* End PBXBuildFile section */

/* Begin PBXFileReference section */
		112AA00D2490BACD00A4D822 /* shiokrecipes.app */ = {isa = PBXFileReference; explicitFileType = wrapper.application; includeInIndex = 0; path = shiokrecipes.app; sourceTree = BUILT_PRODUCTS_DIR; };
		112AA0102490BACD00A4D822 /* AppDelegate.swift */ = {isa = PBXFileReference; lastKnownFileType = sourcecode.swift; path = AppDelegate.swift; sourceTree = "<group>"; };
		112AA0122490BACD00A4D822 /* SceneDelegate.swift */ = {isa = PBXFileReference; lastKnownFileType = sourcecode.swift; path = SceneDelegate.swift; sourceTree = "<group>"; };
		112AA0142490BACD00A4D822 /* ViewController.swift */ = {isa = PBXFileReference; lastKnownFileType = sourcecode.swift; path = ViewController.swift; sourceTree = "<group>"; };
		112AA0172490BACD00A4D822 /* Base */ = {isa = PBXFileReference; lastKnownFileType = file.storyboard; name = Base; path = Base.lproj/Main.storyboard; sourceTree = "<group>"; };
		112AA0192490BACE00A4D822 /* Assets.xcassets */ = {isa = PBXFileReference; lastKnownFileType = folder.assetcatalog; path = Assets.xcassets; sourceTree = "<group>"; };
		112AA01C2490BACE00A4D822 /* Base */ = {isa = PBXFileReference; lastKnownFileType = file.storyboard; name = Base; path = Base.lproj/LaunchScreen.storyboard; sourceTree = "<group>"; };
		112AA01E2490BACE00A4D822 /* Info.plist */ = {isa = PBXFileReference; lastKnownFileType = text.plist.xml; path = Info.plist; sourceTree = "<group>"; };
		6D8DE83C821659895733DE1C /* Pods-shiokrecipes.release.xcconfig */ = {isa = PBXFileReference; includeInIndex = 1; lastKnownFileType = text.xcconfig; name = "Pods-shiokrecipes.release.xcconfig"; path = "Target Support Files/Pods-shiokrecipes/Pods-shiokrecipes.release.xcconfig"; sourceTree = "<group>"; };
		D84682D886E72A098AD60868 /* Pods_shiokrecipes.framework */ = {isa = PBXFileReference; explicitFileType = wrapper.framework; includeInIndex = 0; path = Pods_shiokrecipes.framework; sourceTree = BUILT_PRODUCTS_DIR; };
		E95A418BAAF66E4EB4EAB9D6 /* Pods-shiokrecipes.debug.xcconfig */ = {isa = PBXFileReference; includeInIndex = 1; lastKnownFileType = text.xcconfig; name = "Pods-shiokrecipes.debug.xcconfig"; path = "Target Support Files/Pods-shiokrecipes/Pods-shiokrecipes.debug.xcconfig"; sourceTree = "<group>"; };
/* End PBXFileReference section */

/* Begin PBXFrameworksBuildPhase section */
		112AA00A2490BACD00A4D822 /* Frameworks */ = {
			isa = PBXFrameworksBuildPhase;
			buildActionMask = 2147483647;
			files = (
				AE44E1AD39AE123B8F65D19E /* Pods_shiokrecipes.framework in Frameworks */,
			);
			runOnlyForDeploymentPostprocessing = 0;
		};
/* End PBXFrameworksBuildPhase section */

/* Begin PBXGroup section */
		112AA0042490BACD00A4D822 = {
			isa = PBXGroup;
			children = (
				112AA00F2490BACD00A4D822 /* shiokrecipes */,
				112AA00E2490BACD00A4D822 /* Products */,
				8ECF313D2BCCA4FD931A2EDE /* Pods */,
				80F419C64895285357A23904 /* Frameworks */,
			);
			sourceTree = "<group>";
		};
		112AA00E2490BACD00A4D822 /* Products */ = {
			isa = PBXGroup;
			children = (
				112AA00D2490BACD00A4D822 /* shiokrecipes.app */,
			);
			name = Products;
			sourceTree = "<group>";
		};
		112AA00F2490BACD00A4D822 /* shiokrecipes */ = {
			isa = PBXGroup;
			children = (
				112AA0102490BACD00A4D822 /* AppDelegate.swift */,
				112AA0122490BACD00A4D822 /* SceneDelegate.swift */,
				112AA0142490BACD00A4D822 /* ViewController.swift */,
				112AA0162490BACD00A4D822 /* Main.storyboard */,
				112AA0192490BACE00A4D822 /* Assets.xcassets */,
				112AA01B2490BACE00A4D822 /* LaunchScreen.storyboard */,
				112AA01E2490BACE00A4D822 /* Info.plist */,
			);
			path = shiokrecipes;
			sourceTree = "<group>";
		};
		80F419C64895285357A23904 /* Frameworks */ = {
			isa = PBXGroup;
			children = (
				D84682D886E72A098AD60868 /* Pods_shiokrecipes.framework */,
			);
			name = Frameworks;
			sourceTree = "<group>";
		};
		8ECF313D2BCCA4FD931A2EDE /* Pods */ = {
			isa = PBXGroup;
			children = (
				E95A418BAAF66E4EB4EAB9D6 /* Pods-shiokrecipes.debug.xcconfig */,
				6D8DE83C821659895733DE1C /* Pods-shiokrecipes.release.xcconfig */,
			);
			name = Pods;
			path = Pods;
			sourceTree = "<group>";
		};
/* End PBXGroup section */

/* Begin PBXNativeTarget section */
		112AA00C2490BACD00A4D822 /* shiokrecipes */ = {
			isa = PBXNativeTarget;
			buildConfigurationList = 112AA0212490BACE00A4D822 /* Build configuration list for PBXNativeTarget "shiokrecipes" */;
			buildPhases = (
				B1B1727EB74F28432B8B5984 /* [CP] Check Pods Manifest.lock */,
				112AA0092490BACD00A4D822 /* Sources */,
				112AA00A2490BACD00A4D822 /* Frameworks */,
				112AA00B2490BACD00A4D822 /* Resources */,
			);
			buildRules = (
			);
			dependencies = (
			);
			name = shiokrecipes;
			productName = shiokrecipes;
			productReference = 112AA00D2490BACD00A4D822 /* shiokrecipes.app */;
			productType = "com.apple.product-type.application";
		};
/* End PBXNativeTarget section */

/* Begin PBXProject section */
		112AA0052490BACD00A4D822 /* Project object */ = {
			isa = PBXProject;
			attributes = {
				LastSwiftUpdateCheck = 1150;
				LastUpgradeCheck = 1150;
				ORGANIZATIONNAME = clarencechan;
				TargetAttributes = {
					112AA00C2490BACD00A4D822 = {
						CreatedOnToolsVersion = 11.5;
					};
				};
			};
			buildConfigurationList = 112AA0082490BACD00A4D822 /* Build configuration list for PBXProject "shiokrecipes" */;
			compatibilityVersion = "Xcode 9.3";
			developmentRegion = en;
			hasScannedForEncodings = 0;
			knownRegions = (
				en,
				Base,
			);
			mainGroup = 112AA0042490BACD00A4D822;
			productRefGroup = 112AA00E2490BACD00A4D822 /* Products */;
			projectDirPath = "";
			projectRoot = "";
			targets = (
				112AA00C2490BACD00A4D822 /* shiokrecipes */,
			);
		};
/* End PBXProject section */

/* Begin PBXResourcesBuildPhase section */
		112AA00B2490BACD00A4D822 /* Resources */ = {
			isa = PBXResourcesBuildPhase;
			buildActionMask = 2147483647;
			files = (
				112AA01D2490BACE00A4D822 /* LaunchScreen.storyboard in Resources */,
				112AA01A2490BACE00A4D822 /* Assets.xcassets in Resources */,
				112AA0182490BACD00A4D822 /* Main.storyboard in Resources */,
			);
			runOnlyForDeploymentPostprocessing = 0;
		};
/* End PBXResourcesBuildPhase section */

/* Begin PBXShellScriptBuildPhase section */
		B1B1727EB74F28432B8B5984 /* [CP] Check Pods Manifest.lock */ = {
			isa = PBXShellScriptBuildPhase;
			buildActionMask = 2147483647;
			files = (
			);
			inputFileListPaths = (
			);
			inputPaths = (
				"${PODS_PODFILE_DIR_PATH}/Podfile.lock",
				"${PODS_ROOT}/Manifest.lock",
			);
			name = "[CP] Check Pods Manifest.lock";
			outputFileListPaths = (
			);
			outputPaths = (
				"$(DERIVED_FILE_DIR)/Pods-shiokrecipes-checkManifestLockResult.txt",
			);
			runOnlyForDeploymentPostprocessing = 0;
			shellPath = /bin/sh;
			shellScript = "diff \"${PODS_PODFILE_DIR_PATH}/Podfile.lock\" \"${PODS_ROOT}/Manifest.lock\" > /dev/null\nif [ $? != 0 ] ; then\n    # print error to STDERR\n    echo \"error: The sandbox is not in sync with the Podfile.lock. Run 'pod install' or update your CocoaPods installation.\" >&2\n    exit 1\nfi\n# This output is used by Xcode 'outputs' to avoid re-running this script phase.\necho \"SUCCESS\" > \"${SCRIPT_OUTPUT_FILE_0}\"\n";
			showEnvVarsInLog = 0;
		};
/* End PBXShellScriptBuildPhase section */

/* Begin PBXSourcesBuildPhase section */
		112AA0092490BACD00A4D822 /* Sources */ = {
			isa = PBXSourcesBuildPhase;
			buildActionMask = 2147483647;
			files = (
				112AA0152490BACD00A4D822 /* ViewController.swift in Sources */,
				112AA0112490BACD00A4D822 /* AppDelegate.swift in Sources */,
				112AA0132490BACD00A4D822 /* SceneDelegate.swift in Sources */,
			);
			runOnlyForDeploymentPostprocessing = 0;
		};
/* End PBXSourcesBuildPhase section */

/* Begin PBXVariantGroup section */
		112AA0162490BACD00A4D822 /* Main.storyboard */ = {
			isa = PBXVariantGroup;
			children = (
				112AA0172490BACD00A4D822 /* Base */,
			);
			name = Main.storyboard;
			sourceTree = "<group>";
		};
		112AA01B2490BACE00A4D822 /* LaunchScreen.storyboard */ = {
			isa = PBXVariantGroup;
			children = (
				112AA01C2490BACE00A4D822 /* Base */,
			);
			name = LaunchScreen.storyboard;
			sourceTree = "<group>";
		};
/* End PBXVariantGroup section */

/* Begin XCBuildConfiguration section */
		112AA01F2490BACE00A4D822 /* Debug */ = {
			isa = XCBuildConfiguration;
			buildSettings = {
				ALWAYS_SEARCH_USER_PATHS = NO;
				CLANG_ANALYZER_NONNULL = YES;
				CLANG_ANALYZER_NUMBER_OBJECT_CONVERSION = YES_AGGRESSIVE;
				CLANG_CXX_LANGUAGE_STANDARD = "gnu++14";
				CLANG_CXX_LIBRARY = "libc++";
				CLANG_ENABLE_MODULES = YES;
				CLANG_ENABLE_OBJC_ARC = YES;
				CLANG_ENABLE_OBJC_WEAK = YES;
				CLANG_WARN_BLOCK_CAPTURE_AUTORELEASING = YES;
				CLANG_WARN_BOOL_CONVERSION = YES;
				CLANG_WARN_COMMA = YES;
				CLANG_WARN_CONSTANT_CONVERSION = YES;
				CLANG_WARN_DEPRECATED_OBJC_IMPLEMENTATIONS = YES;
				CLANG_WARN_DIRECT_OBJC_ISA_USAGE = YES_ERROR;
				CLANG_WARN_DOCUMENTATION_COMMENTS = YES;
				CLANG_WARN_EMPTY_BODY = YES;
				CLANG_WARN_ENUM_CONVERSION = YES;
				CLANG_WARN_INFINITE_RECURSION = YES;
				CLANG_WARN_INT_CONVERSION = YES;
				CLANG_WARN_NON_LITERAL_NULL_CONVERSION = YES;
				CLANG_WARN_OBJC_IMPLICIT_RETAIN_SELF = YES;
				CLANG_WARN_OBJC_LITERAL_CONVERSION = YES;
				CLANG_WARN_OBJC_ROOT_CLASS = YES_ERROR;
				CLANG_WARN_RANGE_LOOP_ANALYSIS = YES;
				CLANG_WARN_STRICT_PROTOTYPES = YES;
				CLANG_WARN_SUSPICIOUS_MOVE = YES;
				CLANG_WARN_UNGUARDED_AVAILABILITY = YES_AGGRESSIVE;
				CLANG_WARN_UNREACHABLE_CODE = YES;
				CLANG_WARN__DUPLICATE_METHOD_MATCH = YES;
				COPY_PHASE_STRIP = NO;
				DEBUG_INFORMATION_FORMAT = dwarf;
				ENABLE_STRICT_OBJC_MSGSEND = YES;
				ENABLE_TESTABILITY = YES;
				GCC_C_LANGUAGE_STANDARD = gnu11;
				GCC_DYNAMIC_NO_PIC = NO;
				GCC_NO_COMMON_BLOCKS = YES;
				GCC_OPTIMIZATION_LEVEL = 0;
				GCC_PREPROCESSOR_DEFINITIONS = (
					"DEBUG=1",
					"$(inherited)",
				);
				GCC_WARN_64_TO_32_BIT_CONVERSION = YES;
				GCC_WARN_ABOUT_RETURN_TYPE = YES_ERROR;
				GCC_WARN_UNDECLARED_SELECTOR = YES;
				GCC_WARN_UNINITIALIZED_AUTOS = YES_AGGRESSIVE;
				GCC_WARN_UNUSED_FUNCTION = YES;
				GCC_WARN_UNUSED_VARIABLE = YES;
				IPHONEOS_DEPLOYMENT_TARGET = 13.5;
				MTL_ENABLE_DEBUG_INFO = INCLUDE_SOURCE;
				MTL_FAST_MATH = YES;
				ONLY_ACTIVE_ARCH = YES;
				SDKROOT = iphoneos;
				SWIFT_ACTIVE_COMPILATION_CONDITIONS = DEBUG;
				SWIFT_OPTIMIZATION_LEVEL = "-Onone";
			};
			name = Debug;
		};
		112AA0202490BACE00A4D822 /* Release */ = {
			isa = XCBuildConfiguration;
			buildSettings = {
				ALWAYS_SEARCH_USER_PATHS = NO;
				CLANG_ANALYZER_NONNULL = YES;
				CLANG_ANALYZER_NUMBER_OBJECT_CONVERSION = YES_AGGRESSIVE;
				CLANG_CXX_LANGUAGE_STANDARD = "gnu++14";
				CLANG_CXX_LIBRARY = "libc++";
				CLANG_ENABLE_MODULES = YES;
				CLANG_ENABLE_OBJC_ARC = YES;
				CLANG_ENABLE_OBJC_WEAK = YES;
				CLANG_WARN_BLOCK_CAPTURE_AUTORELEASING = YES;
				CLANG_WARN_BOOL_CONVERSION = YES;
				CLANG_WARN_COMMA = YES;
				CLANG_WARN_CONSTANT_CONVERSION = YES;
				CLANG_WARN_DEPRECATED_OBJC_IMPLEMENTATIONS = YES;
				CLANG_WARN_DIRECT_OBJC_ISA_USAGE = YES_ERROR;
				CLANG_WARN_DOCUMENTATION_COMMENTS = YES;
				CLANG_WARN_EMPTY_BODY = YES;
				CLANG_WARN_ENUM_CONVERSION = YES;
				CLANG_WARN_INFINITE_RECURSION = YES;
				CLANG_WARN_INT_CONVERSION = YES;
				CLANG_WARN_NON_LITERAL_NULL_CONVERSION = YES;
				CLANG_WARN_OBJC_IMPLICIT_RETAIN_SELF = YES;
				CLANG_WARN_OBJC_LITERAL_CONVERSION = YES;
				CLANG_WARN_OBJC_ROOT_CLASS = YES_ERROR;
				CLANG_WARN_RANGE_LOOP_ANALYSIS = YES;
				CLANG_WARN_STRICT_PROTOTYPES = YES;
				CLANG_WARN_SUSPICIOUS_MOVE = YES;
				CLANG_WARN_UNGUARDED_AVAILABILITY = YES_AGGRESSIVE;
				CLANG_WARN_UNREACHABLE_CODE = YES;
				CLANG_WARN__DUPLICATE_METHOD_MATCH = YES;
				COPY_PHASE_STRIP = NO;
				DEBUG_INFORMATION_FORMAT = "dwarf-with-dsym";
				ENABLE_NS_ASSERTIONS = NO;
				ENABLE_STRICT_OBJC_MSGSEND = YES;
				GCC_C_LANGUAGE_STANDARD = gnu11;
				GCC_NO_COMMON_BLOCKS = YES;
				GCC_WARN_64_TO_32_BIT_CONVERSION = YES;
				GCC_WARN_ABOUT_RETURN_TYPE = YES_ERROR;
				GCC_WARN_UNDECLARED_SELECTOR = YES;
				GCC_WARN_UNINITIALIZED_AUTOS = YES_AGGRESSIVE;
				GCC_WARN_UNUSED_FUNCTION = YES;
				GCC_WARN_UNUSED_VARIABLE = YES;
				IPHONEOS_DEPLOYMENT_TARGET = 13.5;
				MTL_ENABLE_DEBUG_INFO = NO;
				MTL_FAST_MATH = YES;
				SDKROOT = iphoneos;
				SWIFT_COMPILATION_MODE = wholemodule;
				SWIFT_OPTIMIZATION_LEVEL = "-O";
				VALIDATE_PRODUCT = YES;
			};
			name = Release;
		};
		112AA0222490BACE00A4D822 /* Debug */ = {
			isa = XCBuildConfiguration;
			baseConfigurationReference = E95A418BAAF66E4EB4EAB9D6 /* Pods-shiokrecipes.debug.xcconfig */;
			buildSettings = {
				ASSETCATALOG_COMPILER_APPICON_NAME = AppIcon;
				CODE_SIGN_STYLE = Automatic;
				DEVELOPMENT_TEAM = KNKN54A4FZ;
				INFOPLIST_FILE = shiokrecipes/Info.plist;
				IPHONEOS_DEPLOYMENT_TARGET = 13.0;
				LD_RUNPATH_SEARCH_PATHS = (
					"$(inherited)",
					"@executable_path/Frameworks",
				);
				PRODUCT_BUNDLE_IDENTIFIER = com.clarencechan.shiokrecipes;
				PRODUCT_NAME = "$(TARGET_NAME)";
				SWIFT_VERSION = 5.0;
				TARGETED_DEVICE_FAMILY = 1;
			};
			name = Debug;
		};
		112AA0232490BACE00A4D822 /* Release */ = {
			isa = XCBuildConfiguration;
			baseConfigurationReference = 6D8DE83C821659895733DE1C /* Pods-shiokrecipes.release.xcconfig */;
			buildSettings = {
				ASSETCATALOG_COMPILER_APPICON_NAME = AppIcon;
				CODE_SIGN_STYLE = Automatic;
				DEVELOPMENT_TEAM = KNKN54A4FZ;
				INFOPLIST_FILE = shiokrecipes/Info.plist;
				IPHONEOS_DEPLOYMENT_TARGET = 13.0;
				LD_RUNPATH_SEARCH_PATHS = (
					"$(inherited)",
					"@executable_path/Frameworks",
				);
				PRODUCT_BUNDLE_IDENTIFIER = com.clarencechan.shiokrecipes;
				PRODUCT_NAME = "$(TARGET_NAME)";
				SWIFT_VERSION = 5.0;
				TARGETED_DEVICE_FAMILY = 1;
			};
			name = Release;
		};
/* End XCBuildConfiguration section */

/* Begin XCConfigurationList section */
		112AA0082490BACD00A4D822 /* Build configuration list for PBXProject "shiokrecipes" */ = {
			isa = XCConfigurationList;
			buildConfigurations = (
				112AA01F2490BACE00A4D822 /* Debug */,
				112AA0202490BACE00A4D822 /* Release */,
			);
			defaultConfigurationIsVisible = 0;
			defaultConfigurationName = Release;
		};
		112AA0212490BACE00A4D822 /* Build configuration list for PBXNativeTarget "shiokrecipes" */ = {
			isa = XCConfigurationList;
			buildConfigurations = (
				112AA0222490BACE00A4D822 /* Debug */,
				112AA0232490BACE00A4D822 /* Release */,
			);
			defaultConfigurationIsVisible = 0;
			defaultConfigurationName = Release;
		};
/* End XCConfigurationList section */
	};
	rootObject = 112AA0052490BACD00A4D822 /* Project object */;
}
